Microsoft Visual Studio Solution File, Format Version 10.00
# Visual Studio 2008
Project("{8BC9CEB8-8B4A-11D0-8D11-00A0C91BC942}") = "OpenGL_ES_Training_vc9", "OpenGL_ES_Training_vc9.vcproj", "{7D5F6271-BC02-8BA9-44FF-18B4A2BDB20E}"

EndProject
Global
	GlobalSection(ExtensibilityGlobals) = postSolution
	EndGlobalSection
	GlobalSection(ExtensibilityAddIns) = postSolution
	EndGlobalSection
	GlobalSection(SolutionConfigurationPlatforms) = preSolution
		(x86) Debug|Win32 = (x86) Debug|Win32
		(x86) Release|Win32 = (x86) Release|Win32
		GCC (ARM) Debug|Win32 = GCC (ARM) Debug|Win32
		GCC (ARM) Release|Win32 = GCC (ARM) Release|Win32
		RVCT (ARM) Debug|Win32 = RVCT (ARM) Debug|Win32
		RVCT (ARM) Release|Win32 = RVCT (ARM) Release|Win32
		GCC (MIPS) Debug|Win32 = GCC (MIPS) Debug|Win32
		GCC (MIPS) Release|Win32 = GCC (MIPS) Release|Win32
	EndGlobalSection
	GlobalSection(ProjectConfigurationPlatforms) = postSolution
		{7D5F6271-BC02-8BA9-44FF-18B4A2BDB20E}.(x86) Debug|Win32.ActiveCfg = X86 Debug|Win32
		{7D5F6271-BC02-8BA9-44FF-18B4A2BDB20E}.(x86) Debug|Win32.Build.0 = X86 Debug|Win32
		{7D5F6271-BC02-8BA9-44FF-18B4A2BDB20E}.(x86) Release|Win32.ActiveCfg = X86 Release|Win32
		{7D5F6271-BC02-8BA9-44FF-18B4A2BDB20E}.(x86) Release|Win32.Build.0 = X86 Release|Win32
		{7D5F6271-BC02-8BA9-44FF-18B4A2BDB20E}.GCC (ARM) Debug|Win32.ActiveCfg = GCC ARM Debug|Win32
		{7D5F6271-BC02-8BA9-44FF-18B4A2BDB20E}.GCC (ARM) Debug|Win32.Build.0 = GCC ARM Debug|Win32
		{7D5F6271-BC02-8BA9-44FF-18B4A2BDB20E}.GCC (ARM) Release|Win32.ActiveCfg = GCC ARM Release|Win32
		{7D5F6271-BC02-8BA9-44FF-18B4A2BDB20E}.GCC (ARM) Release|Win32.Build.0 = GCC ARM Release|Win32
		{7D5F6271-BC02-8BA9-44FF-18B4A2BDB20E}.RVCT (ARM) Debug|Win32.ActiveCfg = RVCT ARM Debug|Win32
		{7D5F6271-BC02-8BA9-44FF-18B4A2BDB20E}.RVCT (ARM) Debug|Win32.Build.0 = RVCT ARM Debug|Win32
		{7D5F6271-BC02-8BA9-44FF-18B4A2BDB20E}.RVCT (ARM) Release|Win32.ActiveCfg = RVCT ARM Release|Win32
		{7D5F6271-BC02-8BA9-44FF-18B4A2BDB20E}.RVCT (ARM) Release|Win32.Build.0 = RVCT ARM Release|Win32
		{7D5F6271-BC02-8BA9-44FF-18B4A2BDB20E}.GCC (MIPS) Debug|Win32.ActiveCfg = GCC MIPS Debug|Win32
		{7D5F6271-BC02-8BA9-44FF-18B4A2BDB20E}.GCC (MIPS) Debug|Win32.Build.0 = GCC MIPS Debug|Win32
		{7D5F6271-BC02-8BA9-44FF-18B4A2BDB20E}.GCC (MIPS) Release|Win32.ActiveCfg = GCC MIPS Release|Win32
		{7D5F6271-BC02-8BA9-44FF-18B4A2BDB20E}.GCC (MIPS) Release|Win32.Build.0 = GCC MIPS Release|Win32
	EndGlobalSection
	GlobalSection(SolutionProperties) = preSolution
		HideSolutionNode = FALSE
	EndGlobalSection
EndGlobal
